{
  "lockfile_version": "1",
  "packages": {
    "awscli2@latest": {
      "last_modified": "2025-05-19T23:16:24Z",
      "resolved": "github:NixOS/nixpkgs/359c442b7d1f6229c1dc978116d32d6c07fe8440#awscli2",
      "source": "devbox-search",
      "version": "2.27.2",
      "systems": {
        "aarch64-darwin": {
          "outputs": [
            {
              "name": "out",
              "path": "/nix/store/b5fa0fplfpiyx8zwc9y7d08a57lsk229-awscli2-2.27.2",
              "default": true
            },
            {
              "name": "dist",
              "path": "/nix/store/sc270lyggbhz78lcxh9khqmggayqpp6i-awscli2-2.27.2-dist"
            }
          ],
          "store_path": "/nix/store/b5fa0fplfpiyx8zwc9y7d08a57lsk229-awscli2-2.27.2"
        },
        "aarch64-linux": {
          "outputs": [
            {
              "name": "out",
              "path": "/nix/store/161s22pbddllc4mabgr5rvrpmhiffsp4-awscli2-2.27.2",
              "default": true
            },
            {
              "name": "dist",
              "path": "/nix/store/ss8xqzwn1l8qdbwlml439bx1ik13vxlk-awscli2-2.27.2-dist"
            }
          ],
          "store_path": "/nix/store/161s22pbddllc4mabgr5rvrpmhiffsp4-awscli2-2.27.2"
        },
        "x86_64-darwin": {
          "outputs": [
            {
              "name": "out",
              "path": "/nix/store/l18j8wgidf145m0zw6ydg8blim44hrkq-awscli2-2.27.2",
              "default": true
            },
            {
              "name": "dist",
              "path": "/nix/store/q9rzj2ikpl9vn4sns3ydsy7i8sachnha-awscli2-2.27.2-dist"
            }
          ],
          "store_path": "/nix/store/l18j8wgidf145m0zw6ydg8blim44hrkq-awscli2-2.27.2"
        },
        "x86_64-linux": {
          "outputs": [
            {
              "name": "out",
              "path": "/nix/store/gx3hx0b3lbm11sishxl4k7a7ha4w405q-awscli2-2.27.2",
              "default": true
            },
            {
              "name": "dist",
              "path": "/nix/store/r5cw3141myaf5lnzra9c0nc8prb2zv6y-awscli2-2.27.2-dist"
            }
          ],
          "store_path": "/nix/store/gx3hx0b3lbm11sishxl4k7a7ha4w405q-awscli2-2.27.2"
        }
      }
    },
    "github:NixOS/nixpkgs/nixpkgs-unstable": {
      "last_modified": "2025-06-14T03:28:56Z",
      "resolved": "github:NixOS/nixpkgs/6afe187897bef7933475e6af374c893f4c84a293?lastModified=1749871736&narHash=sha256-K9yBph93OLTNw02Q6e9CYFGrUhvEXnh45vrZqIRWfvQ%3D"
    },
    "go-task@latest": {
      "last_modified": "2025-05-16T20:19:48Z",
      "resolved": "github:NixOS/nixpkgs/12a55407652e04dcf2309436eb06fef0d3713ef3#go-task",
      "source": "devbox-search",
      "version": "3.43.3",
      "systems": {
        "aarch64-darwin": {
          "outputs": [
            {
              "name": "out",
              "path": "/nix/store/5h0ykqayf8kfxwqlawzxvm05hlq7n22c-go-task-3.43.3",
              "default": true
            }
          ],
          "store_path": "/nix/store/5h0ykqayf8kfxwqlawzxvm05hlq7n22c-go-task-3.43.3"
        },
        "aarch64-linux": {
          "outputs": [
            {
              "name": "out",
              "path": "/nix/store/xxl2rg7k3c95gk5s0kwj8p8055r4yldf-go-task-3.43.3",
              "default": true
            }
          ],
          "store_path": "/nix/store/xxl2rg7k3c95gk5s0kwj8p8055r4yldf-go-task-3.43.3"
        },
        "x86_64-darwin": {
          "outputs": [
            {
              "name": "out",
              "path": "/nix/store/4az7i4f6lm4ss77wnf8kklkr21hrfhns-go-task-3.43.3",
              "default": true
            }
          ],
          "store_path": "/nix/store/4az7i4f6lm4ss77wnf8kklkr21hrfhns-go-task-3.43.3"
        },
        "x86_64-linux": {
          "outputs": [
            {
              "name": "out",
              "path": "/nix/store/gjdgw1zhvl9hl7mmiw6ncpnpmpxlk2yb-go-task-3.43.3",
              "default": true
            }
          ],
          "store_path": "/nix/store/gjdgw1zhvl9hl7mmiw6ncpnpmpxlk2yb-go-task-3.43.3"
        }
      }
    },
    "terraform-docs@latest": {
      "last_modified": "2025-05-16T20:19:48Z",
      "resolved": "github:NixOS/nixpkgs/12a55407652e04dcf2309436eb06fef0d3713ef3#terraform-docs",
      "source": "devbox-search",
      "version": "0.20.0",
      "systems": {
        "aarch64-darwin": {
          "outputs": [
            {
              "name": "out",
              "path": "/nix/store/4z77xc8wvab28zma5kqm9d4rls7q7y13-terraform-docs-0.20.0",
              "default": true
            }
          ],
          "store_path": "/nix/store/4z77xc8wvab28zma5kqm9d4rls7q7y13-terraform-docs-0.20.0"
        },
        "aarch64-linux": {
          "outputs": [
            {
              "name": "out",
              "path": "/nix/store/sykzyzrrnrjgcmyws4h18jcy7g4d5y0s-terraform-docs-0.20.0",
              "default": true
            }
          ],
          "store_path": "/nix/store/sykzyzrrnrjgcmyws4h18jcy7g4d5y0s-terraform-docs-0.20.0"
        },
        "x86_64-darwin": {
          "outputs": [
            {
              "name": "out",
              "path": "/nix/store/ahzznqarsvpscggfafih0r1vdg0b54d6-terraform-docs-0.20.0",
              "default": true
            }
          ],
          "store_path": "/nix/store/ahzznqarsvpscggfafih0r1vdg0b54d6-terraform-docs-0.20.0"
        },
        "x86_64-linux": {
          "outputs": [
            {
              "name": "out",
              "path": "/nix/store/jxbakavzy05kcd5vjzq7f3q7jcj3w7yz-terraform-docs-0.20.0",
              "default": true
            }
          ],
          "store_path": "/nix/store/jxbakavzy05kcd5vjzq7f3q7jcj3w7yz-terraform-docs-0.20.0"
        }
      }
    },
    "terraform@latest": {
      "last_modified": "2025-06-12T07:29:08Z",
      "resolved": "github:NixOS/nixpkgs/d202f48f1249f013aa2660c6733e251c85712cbe#terraform",
      "source": "devbox-search",
      "version": "1.12.2",
      "systems": {
        "aarch64-darwin": {
          "outputs": [
            {
              "name": "out",
              "path": "/nix/store/d8bjicybf92vxcapviilv5b623j0zqwk-terraform-1.12.2",
              "default": true
            }
          ],
          "store_path": "/nix/store/d8bjicybf92vxcapviilv5b623j0zqwk-terraform-1.12.2"
        },
        "aarch64-linux": {
          "outputs": [
            {
              "name": "out",
              "path": "/nix/store/gijy95xda5c5wf094dwayb6kgd40fjwm-terraform-1.12.2",
              "default": true
            }
          ],
          "store_path": "/nix/store/gijy95xda5c5wf094dwayb6kgd40fjwm-terraform-1.12.2"
        },
        "x86_64-darwin": {
          "outputs": [
            {
              "name": "out",
              "path": "/nix/store/71hw4gz9h0vqyjj6qhddplcmmyd5vsin-terraform-1.12.2",
              "default": true
            }
          ],
          "store_path": "/nix/store/71hw4gz9h0vqyjj6qhddplcmmyd5vsin-terraform-1.12.2"
        },
        "x86_64-linux": {
          "outputs": [
            {
              "name": "out",
              "path": "/nix/store/1x2z0np2liayk7wiiyzsb56kqb8wjk5v-terraform-1.12.2",
              "default": true
            }
          ],
          "store_path": "/nix/store/1x2z0np2liayk7wiiyzsb56kqb8wjk5v-terraform-1.12.2"
        }
      }
    },
    "uv@latest": {
      "last_modified": "2025-06-08T07:56:50Z",
      "resolved": "github:NixOS/nixpkgs/8207ad0d501dd3590e0e81a7c56b386a5c4342c9#uv",
      "source": "devbox-search",
      "version": "0.7.12",
      "systems": {
        "aarch64-darwin": {
          "outputs": [
            {
              "name": "out",
              "path": "/nix/store/41kasvh1nn3b8s46s5vf3jri8x693vzk-uv-0.7.12",
              "default": true
            }
          ],
          "store_path": "/nix/store/41kasvh1nn3b8s46s5vf3jri8x693vzk-uv-0.7.12"
        },
        "aarch64-linux": {
          "outputs": [
            {
              "name": "out",
              "path": "/nix/store/5l7cl2k59s7aaqsjah15id4c36amxg56-uv-0.7.12",
              "default": true
            }
          ],
          "store_path": "/nix/store/5l7cl2k59s7aaqsjah15id4c36amxg56-uv-0.7.12"
        },
        "x86_64-darwin": {
          "outputs": [
            {
              "name": "out",
              "path": "/nix/store/qbp4xvsgnkriysl2h9bs2a2jafn2hnx2-uv-0.7.12",
              "default": true
            }
          ],
          "store_path": "/nix/store/qbp4xvsgnkriysl2h9bs2a2jafn2hnx2-uv-0.7.12"
        },
        "x86_64-linux": {
          "outputs": [
            {
              "name": "out",
              "path": "/nix/store/27akw8xb1q5hf86cn37y0vnj6pdnca0w-uv-0.7.12",
              "default": true
            }
          ],
          "store_path": "/nix/store/27akw8xb1q5hf86cn37y0vnj6pdnca0w-uv-0.7.12"
        }
      }
    }
  }
}
